
Microsoft Visual Studio Solution File, Format Version 12.00
# Visual Studio Version 17
VisualStudioVersion = 17.1.32228.430
MinimumVisualStudioVersion = 10.0.40219.1
Project("{2150E333-8FDC-42A3-9474-1A3956D46DE8}") = "src", "src", "{46C62DDD-0CFF-49CB-85A4-7A78DA92A34F}"
EndProject
Project("{9A19103F-16F7-4668-BE54-9A1E7A4F7556}") = "Temisto.App", "src\Temisto.App\Temisto.App.csproj", "{A4ED03F6-E958-4C23-977B-501172F8A16D}"
EndProject
Project("{9A19103F-16F7-4668-BE54-9A1E7A4F7556}") = "Temisto.Persistence", "src\Temisto.Persistence\Temisto.Persistence.csproj", "{23E5E1FE-A980-459A-B526-6DFEACB8DB4E}"
EndProject
Project("{9A19103F-16F7-4668-BE54-9A1E7A4F7556}") = "Temisto.Importer", "src\Temisto.Importer\Temisto.Importer.csproj", "{9338D854-0EC2-43D0-BAEE-1BE33C8B85F5}"
EndProject
Project("{9A19103F-16F7-4668-BE54-9A1E7A4F7556}") = "Temisto.Domain", "src\Temisto.Domain\Temisto.Domain.csproj", "{7CE3DFDD-7B8F-476B-8823-A28E359D0BA9}"
EndProject
Project("{2150E333-8FDC-42A3-9474-1A3956D46DE8}") = "Tests", "Tests", "{136BE7FF-201F-437B-8E45-E96AADD4F75C}"
EndProject
Project("{FAE04EC0-301F-11D3-BF4B-00C04F79EFBC}") = "Temisto.Importer.Tests", "tests\Temisto.Importer.Tests\Temisto.Importer.Tests.csproj", "{4C1FA722-FEF6-4556-BA7F-0504CEC4C46C}"
EndProject
Project("{FAE04EC0-301F-11D3-BF4B-00C04F79EFBC}") = "Temisto.Broker", "src\Temisto.Broker\Temisto.Broker.csproj", "{7E6A1926-742B-4960-BDE5-BB8DCDFD5647}"
EndProject
Global
	GlobalSection(SolutionConfigurationPlatforms) = preSolution
		Debug|Any CPU = Debug|Any CPU
		Release|Any CPU = Release|Any CPU
	EndGlobalSection
	GlobalSection(ProjectConfigurationPlatforms) = postSolution
		{A4ED03F6-E958-4C23-977B-501172F8A16D}.Debug|Any CPU.ActiveCfg = Debug|Any CPU
		{A4ED03F6-E958-4C23-977B-501172F8A16D}.Debug|Any CPU.Build.0 = Debug|Any CPU
		{A4ED03F6-E958-4C23-977B-501172F8A16D}.Release|Any CPU.ActiveCfg = Release|Any CPU
		{A4ED03F6-E958-4C23-977B-501172F8A16D}.Release|Any CPU.Build.0 = Release|Any CPU
		{23E5E1FE-A980-459A-B526-6DFEACB8DB4E}.Debug|Any CPU.ActiveCfg = Debug|Any CPU
		{23E5E1FE-A980-459A-B526-6DFEACB8DB4E}.Debug|Any CPU.Build.0 = Debug|Any CPU
		{23E5E1FE-A980-459A-B526-6DFEACB8DB4E}.Release|Any CPU.ActiveCfg = Release|Any CPU
		{23E5E1FE-A980-459A-B526-6DFEACB8DB4E}.Release|Any CPU.Build.0 = Release|Any CPU
		{9338D854-0EC2-43D0-BAEE-1BE33C8B85F5}.Debug|Any CPU.ActiveCfg = Debug|Any CPU
		{9338D854-0EC2-43D0-BAEE-1BE33C8B85F5}.Debug|Any CPU.Build.0 = Debug|Any CPU
		{9338D854-0EC2-43D0-BAEE-1BE33C8B85F5}.Release|Any CPU.ActiveCfg = Release|Any CPU
		{9338D854-0EC2-43D0-BAEE-1BE33C8B85F5}.Release|Any CPU.Build.0 = Release|Any CPU
		{7CE3DFDD-7B8F-476B-8823-A28E359D0BA9}.Debug|Any CPU.ActiveCfg = Debug|Any CPU
		{7CE3DFDD-7B8F-476B-8823-A28E359D0BA9}.Debug|Any CPU.Build.0 = Debug|Any CPU
		{7CE3DFDD-7B8F-476B-8823-A28E359D0BA9}.Release|Any CPU.ActiveCfg = Release|Any CPU
		{7CE3DFDD-7B8F-476B-8823-A28E359D0BA9}.Release|Any CPU.Build.0 = Release|Any CPU
		{4C1FA722-FEF6-4556-BA7F-0504CEC4C46C}.Debug|Any CPU.ActiveCfg = Debug|Any CPU
		{4C1FA722-FEF6-4556-BA7F-0504CEC4C46C}.Debug|Any CPU.Build.0 = Debug|Any CPU
		{4C1FA722-FEF6-4556-BA7F-0504CEC4C46C}.Release|Any CPU.ActiveCfg = Release|Any CPU
		{4C1FA722-FEF6-4556-BA7F-0504CEC4C46C}.Release|Any CPU.Build.0 = Release|Any CPU
		{7E6A1926-742B-4960-BDE5-BB8DCDFD5647}.Debug|Any CPU.ActiveCfg = Debug|Any CPU
		{7E6A1926-742B-4960-BDE5-BB8DCDFD5647}.Debug|Any CPU.Build.0 = Debug|Any CPU
		{7E6A1926-742B-4960-BDE5-BB8DCDFD5647}.Release|Any CPU.ActiveCfg = Release|Any CPU
		{7E6A1926-742B-4960-BDE5-BB8DCDFD5647}.Release|Any CPU.Build.0 = Release|Any CPU
	EndGlobalSection
	GlobalSection(SolutionProperties) = preSolution
		HideSolutionNode = FALSE
	EndGlobalSection
	GlobalSection(NestedProjects) = preSolution
		{A4ED03F6-E958-4C23-977B-501172F8A16D} = {46C62DDD-0CFF-49CB-85A4-7A78DA92A34F}
		{23E5E1FE-A980-459A-B526-6DFEACB8DB4E} = {46C62DDD-0CFF-49CB-85A4-7A78DA92A34F}
		{9338D854-0EC2-43D0-BAEE-1BE33C8B85F5} = {46C62DDD-0CFF-49CB-85A4-7A78DA92A34F}
		{7CE3DFDD-7B8F-476B-8823-A28E359D0BA9} = {46C62DDD-0CFF-49CB-85A4-7A78DA92A34F}
		{4C1FA722-FEF6-4556-BA7F-0504CEC4C46C} = {136BE7FF-201F-437B-8E45-E96AADD4F75C}
		{7E6A1926-742B-4960-BDE5-BB8DCDFD5647} = {46C62DDD-0CFF-49CB-85A4-7A78DA92A34F}
	EndGlobalSection
	GlobalSection(ExtensibilityGlobals) = postSolution
		SolutionGuid = {685AF140-18C9-4633-A692-87B1A160ECE9}
	EndGlobalSection
EndGlobal
